
Microsoft Visual Studio Solution File, Format Version 12.00
# Visual Studio 15
VisualStudioVersion = 15.0.28307.572
MinimumVisualStudioVersion = 10.0.40219.1
Project("{8BC9CEB8-8B4A-11D0-8D11-00A0C91BC942}") = "Mt3620Blink1", "Mt3620Blink1\Mt3620Blink1.vcxproj", "{7C77C8E7-706E-43A0-BBC9-0EF3239109E3}"
EndProject
Global
	GlobalSection(SolutionConfigurationPlatforms) = preSolution
		Debug|ARM = Debug|ARM
		Release|ARM = Release|ARM
	EndGlobalSection
	GlobalSection(ProjectConfigurationPlatforms) = postSolution
		{7C77C8E7-706E-43A0-BBC9-0EF3239109E3}.Debug|ARM.ActiveCfg = Debug|ARM
		{7C77C8E7-706E-43A0-BBC9-0EF3239109E3}.Debug|ARM.Build.0 = Debug|ARM
		{7C77C8E7-706E-43A0-BBC9-0EF3239109E3}.Release|ARM.ActiveCfg = Release|ARM
		{7C77C8E7-706E-43A0-BBC9-0EF3239109E3}.Release|ARM.Build.0 = Release|ARM
	EndGlobalSection
	GlobalSection(SolutionProperties) = preSolution
		HideSolutionNode = FALSE
	EndGlobalSection
	GlobalSection(ExtensibilityGlobals) = postSolution
		SolutionGuid = {385A823A-6B79-41C4-B658-A36FB1C31958}
	EndGlobalSection
EndGlobal
